// !$*UTF8*$!
{
	archiveVersion = 1;
	classes = {
	};
	objectVersion = 50;
	objects = {

/* Begin PBXBuildFile section */
		510F797920C377F400CD7B61 /* ARViewController.swift in Sources */ = {isa = PBXBuildFile; fileRef = 510F797820C377F400CD7B61 /* ARViewController.swift */; };
		517840BB20C37AA30039399A /* pin.png in Resources */ = {isa = PBXBuildFile; fileRef = 517840BA20C37AA30039399A /* pin.png */; };
		517840BD20C398D20039399A /* close.png in Resources */ = {isa = PBXBuildFile; fileRef = 517840BC20C398D10039399A /* close.png */; };
		517840BF20C3C4380039399A /* DetailViewController.swift in Sources */ = {isa = PBXBuildFile; fileRef = 517840BE20C3C4380039399A /* DetailViewController.swift */; };
		518B344720C50E320003E00F /* GoogleService-Info.plist in Resources */ = {isa = PBXBuildFile; fileRef = 518B344620C50E310003E00F /* GoogleService-Info.plist */; };
		51EC6A3D20C29F53008D0A08 /* AppDelegate.swift in Sources */ = {isa = PBXBuildFile; fileRef = 51EC6A3C20C29F53008D0A08 /* AppDelegate.swift */; };
		51EC6A3F20C29F53008D0A08 /* ViewController.swift in Sources */ = {isa = PBXBuildFile; fileRef = 51EC6A3E20C29F53008D0A08 /* ViewController.swift */; };
		51EC6A4220C29F53008D0A08 /* Main.storyboard in Resources */ = {isa = PBXBuildFile; fileRef = 51EC6A4020C29F53008D0A08 /* Main.storyboard */; };
		51EC6A4420C29F55008D0A08 /* Assets.xcassets in Resources */ = {isa = PBXBuildFile; fileRef = 51EC6A4320C29F55008D0A08 /* Assets.xcassets */; };
		51EC6A4720C29F55008D0A08 /* LaunchScreen.storyboard in Resources */ = {isa = PBXBuildFile; fileRef = 51EC6A4520C29F55008D0A08 /* LaunchScreen.storyboard */; };
		CA0384B3AE9BB0129BE16738 /* Pods_aRadar.framework in Frameworks */ = {isa = PBXBuildFile; fileRef = BDF4AB87EEC9A183EBCB0B44 /* Pods_aRadar.framework */; };
/* End PBXBuildFile section */

/* Begin PBXFileReference section */
		510F797820C377F400CD7B61 /* ARViewController.swift */ = {isa = PBXFileReference; lastKnownFileType = sourcecode.swift; path = ARViewController.swift; sourceTree = "<group>"; };
		517840BA20C37AA30039399A /* pin.png */ = {isa = PBXFileReference; lastKnownFileType = image.png; path = pin.png; sourceTree = "<group>"; };
		517840BC20C398D10039399A /* close.png */ = {isa = PBXFileReference; lastKnownFileType = image.png; path = close.png; sourceTree = "<group>"; };
		517840BE20C3C4380039399A /* DetailViewController.swift */ = {isa = PBXFileReference; lastKnownFileType = sourcecode.swift; path = DetailViewController.swift; sourceTree = "<group>"; };
		518B344620C50E310003E00F /* GoogleService-Info.plist */ = {isa = PBXFileReference; fileEncoding = 4; lastKnownFileType = text.plist.xml; path = "GoogleService-Info.plist"; sourceTree = "<group>"; };
		51EC6A3920C29F53008D0A08 /* aRadar.app */ = {isa = PBXFileReference; explicitFileType = wrapper.application; includeInIndex = 0; path = aRadar.app; sourceTree = BUILT_PRODUCTS_DIR; };
		51EC6A3C20C29F53008D0A08 /* AppDelegate.swift */ = {isa = PBXFileReference; lastKnownFileType = sourcecode.swift; path = AppDelegate.swift; sourceTree = "<group>"; };
		51EC6A3E20C29F53008D0A08 /* ViewController.swift */ = {isa = PBXFileReference; lastKnownFileType = sourcecode.swift; path = ViewController.swift; sourceTree = "<group>"; };
		51EC6A4120C29F53008D0A08 /* Base */ = {isa = PBXFileReference; lastKnownFileType = file.storyboard; name = Base; path = Base.lproj/Main.storyboard; sourceTree = "<group>"; };
		51EC6A4320C29F55008D0A08 /* Assets.xcassets */ = {isa = PBXFileReference; lastKnownFileType = folder.assetcatalog; path = Assets.xcassets; sourceTree = "<group>"; };
		51EC6A4620C29F55008D0A08 /* Base */ = {isa = PBXFileReference; lastKnownFileType = file.storyboard; name = Base; path = Base.lproj/LaunchScreen.storyboard; sourceTree = "<group>"; };
		51EC6A4820C29F55008D0A08 /* Info.plist */ = {isa = PBXFileReference; lastKnownFileType = text.plist.xml; path = Info.plist; sourceTree = "<group>"; };
		63FC47EC0E21D38D4C4A7368 /* Pods-aRadar.debug.xcconfig */ = {isa = PBXFileReference; includeInIndex = 1; lastKnownFileType = text.xcconfig; name = "Pods-aRadar.debug.xcconfig"; path = "Pods/Target Support Files/Pods-aRadar/Pods-aRadar.debug.xcconfig"; sourceTree = "<group>"; };
		8D04A80BBFDFB8F35D8C2B20 /* Pods-aRadar.release.xcconfig */ = {isa = PBXFileReference; includeInIndex = 1; lastKnownFileType = text.xcconfig; name = "Pods-aRadar.release.xcconfig"; path = "Pods/Target Support Files/Pods-aRadar/Pods-aRadar.release.xcconfig"; sourceTree = "<group>"; };
		BDF4AB87EEC9A183EBCB0B44 /* Pods_aRadar.framework */ = {isa = PBXFileReference; explicitFileType = wrapper.framework; includeInIndex = 0; path = Pods_aRadar.framework; sourceTree = BUILT_PRODUCTS_DIR; };
/* End PBXFileReference section */

/* Begin PBXFrameworksBuildPhase section */
		51EC6A3620C29F53008D0A08 /* Frameworks */ = {
			isa = PBXFrameworksBuildPhase;
			buildActionMask = 2147483647;
			files = (
				CA0384B3AE9BB0129BE16738 /* Pods_aRadar.framework in Frameworks */,
			);
			runOnlyForDeploymentPostprocessing = 0;
		};
/* End PBXFrameworksBuildPhase section */

/* Begin PBXGroup section */
		51EC6A3020C29F53008D0A08 = {
			isa = PBXGroup;
			children = (
				51EC6A3B20C29F53008D0A08 /* aRadar */,
				51EC6A3A20C29F53008D0A08 /* Products */,
				89FECB918B477308FE73CEE1 /* Pods */,
				F5BABB1E480C98F0F0421933 /* Frameworks */,
			);
			sourceTree = "<group>";
		};
		51EC6A3A20C29F53008D0A08 /* Products */ = {
			isa = PBXGroup;
			children = (
				51EC6A3920C29F53008D0A08 /* aRadar.app */,
			);
			name = Products;
			sourceTree = "<group>";
		};
		51EC6A3B20C29F53008D0A08 /* aRadar */ = {
			isa = PBXGroup;
			children = (
				518B344620C50E310003E00F /* GoogleService-Info.plist */,
				517840BC20C398D10039399A /* close.png */,
				517840BA20C37AA30039399A /* pin.png */,
				51EC6A3C20C29F53008D0A08 /* AppDelegate.swift */,
				51EC6A3E20C29F53008D0A08 /* ViewController.swift */,
				51EC6A4020C29F53008D0A08 /* Main.storyboard */,
				51EC6A4320C29F55008D0A08 /* Assets.xcassets */,
				51EC6A4520C29F55008D0A08 /* LaunchScreen.storyboard */,
				51EC6A4820C29F55008D0A08 /* Info.plist */,
				510F797820C377F400CD7B61 /* ARViewController.swift */,
				517840BE20C3C4380039399A /* DetailViewController.swift */,
			);
			path = aRadar;
			sourceTree = "<group>";
		};
		89FECB918B477308FE73CEE1 /* Pods */ = {
			isa = PBXGroup;
			children = (
				63FC47EC0E21D38D4C4A7368 /* Pods-aRadar.debug.xcconfig */,
				8D04A80BBFDFB8F35D8C2B20 /* Pods-aRadar.release.xcconfig */,
			);
			name = Pods;
			sourceTree = "<group>";
		};
		F5BABB1E480C98F0F0421933 /* Frameworks */ = {
			isa = PBXGroup;
			children = (
				BDF4AB87EEC9A183EBCB0B44 /* Pods_aRadar.framework */,
			);
			name = Frameworks;
			sourceTree = "<group>";
		};
/* End PBXGroup section */

/* Begin PBXNativeTarget section */
		51EC6A3820C29F53008D0A08 /* aRadar */ = {
			isa = PBXNativeTarget;
			buildConfigurationList = 51EC6A4B20C29F55008D0A08 /* Build configuration list for PBXNativeTarget "aRadar" */;
			buildPhases = (
				057C822E9DB8EDF9720C51D5 /* [CP] Check Pods Manifest.lock */,
				51EC6A3520C29F53008D0A08 /* Sources */,
				51EC6A3620C29F53008D0A08 /* Frameworks */,
				51EC6A3720C29F53008D0A08 /* Resources */,
				965CE4EA9705A7B19E59B2BB /* [CP] Embed Pods Frameworks */,
			);
			buildRules = (
			);
			dependencies = (
			);
			name = aRadar;
			productName = aRadar;
			productReference = 51EC6A3920C29F53008D0A08 /* aRadar.app */;
			productType = "com.apple.product-type.application";
		};
/* End PBXNativeTarget section */

/* Begin PBXProject section */
		51EC6A3120C29F53008D0A08 /* Project object */ = {
			isa = PBXProject;
			attributes = {
				LastSwiftUpdateCheck = 0930;
				LastUpgradeCheck = 0930;
				ORGANIZATIONNAME = hortune;
				TargetAttributes = {
					51EC6A3820C29F53008D0A08 = {
						CreatedOnToolsVersion = 9.3.1;
					};
				};
			};
			buildConfigurationList = 51EC6A3420C29F53008D0A08 /* Build configuration list for PBXProject "aRadar" */;
			compatibilityVersion = "Xcode 9.3";
			developmentRegion = en;
			hasScannedForEncodings = 0;
			knownRegions = (
				en,
				Base,
			);
			mainGroup = 51EC6A3020C29F53008D0A08;
			productRefGroup = 51EC6A3A20C29F53008D0A08 /* Products */;
			projectDirPath = "";
			projectRoot = "";
			targets = (
				51EC6A3820C29F53008D0A08 /* aRadar */,
			);
		};
/* End PBXProject section */

/* Begin PBXResourcesBuildPhase section */
		51EC6A3720C29F53008D0A08 /* Resources */ = {
			isa = PBXResourcesBuildPhase;
			buildActionMask = 2147483647;
			files = (
				51EC6A4720C29F55008D0A08 /* LaunchScreen.storyboard in Resources */,
				517840BB20C37AA30039399A /* pin.png in Resources */,
				51EC6A4420C29F55008D0A08 /* Assets.xcassets in Resources */,
				517840BD20C398D20039399A /* close.png in Resources */,
				51EC6A4220C29F53008D0A08 /* Main.storyboard in Resources */,
				518B344720C50E320003E00F /* GoogleService-Info.plist in Resources */,
			);
			runOnlyForDeploymentPostprocessing = 0;
		};
/* End PBXResourcesBuildPhase section */

/* Begin PBXShellScriptBuildPhase section */
		057C822E9DB8EDF9720C51D5 /* [CP] Check Pods Manifest.lock */ = {
			isa = PBXShellScriptBuildPhase;
			buildActionMask = 2147483647;
			files = (
			);
			inputPaths = (
				"${PODS_PODFILE_DIR_PATH}/Podfile.lock",
				"${PODS_ROOT}/Manifest.lock",
			);
			name = "[CP] Check Pods Manifest.lock";
			outputPaths = (
				"$(DERIVED_FILE_DIR)/Pods-aRadar-checkManifestLockResult.txt",
			);
			runOnlyForDeploymentPostprocessing = 0;
			shellPath = /bin/sh;
			shellScript = "diff \"${PODS_PODFILE_DIR_PATH}/Podfile.lock\" \"${PODS_ROOT}/Manifest.lock\" > /dev/null\nif [ $? != 0 ] ; then\n    # print error to STDERR\n    echo \"error: The sandbox is not in sync with the Podfile.lock. Run 'pod install' or update your CocoaPods installation.\" >&2\n    exit 1\nfi\n# This output is used by Xcode 'outputs' to avoid re-running this script phase.\necho \"SUCCESS\" > \"${SCRIPT_OUTPUT_FILE_0}\"\n";
			showEnvVarsInLog = 0;
		};
		965CE4EA9705A7B19E59B2BB /* [CP] Embed Pods Frameworks */ = {
			isa = PBXShellScriptBuildPhase;
			buildActionMask = 2147483647;
			files = (
			);
			inputPaths = (
				"${SRCROOT}/Pods/Target Support Files/Pods-aRadar/Pods-aRadar-frameworks.sh",
				"${BUILT_PRODUCTS_DIR}/ARCL/ARCL.framework",
				"${BUILT_PRODUCTS_DIR}/BoringSSL/openssl.framework",
				"${BUILT_PRODUCTS_DIR}/GoogleToolboxForMac/GoogleToolboxForMac.framework",
				"${BUILT_PRODUCTS_DIR}/Protobuf/Protobuf.framework",
				"${BUILT_PRODUCTS_DIR}/gRPC/GRPCClient.framework",
				"${BUILT_PRODUCTS_DIR}/gRPC-Core/grpc.framework",
				"${BUILT_PRODUCTS_DIR}/gRPC-ProtoRPC/ProtoRPC.framework",
				"${BUILT_PRODUCTS_DIR}/gRPC-RxLibrary/RxLibrary.framework",
				"${BUILT_PRODUCTS_DIR}/leveldb-library/leveldb.framework",
				"${BUILT_PRODUCTS_DIR}/nanopb/nanopb.framework",
			);
			name = "[CP] Embed Pods Frameworks";
			outputPaths = (
				"${TARGET_BUILD_DIR}/${FRAMEWORKS_FOLDER_PATH}/ARCL.framework",
				"${TARGET_BUILD_DIR}/${FRAMEWORKS_FOLDER_PATH}/openssl.framework",
				"${TARGET_BUILD_DIR}/${FRAMEWORKS_FOLDER_PATH}/GoogleToolboxForMac.framework",
				"${TARGET_BUILD_DIR}/${FRAMEWORKS_FOLDER_PATH}/Protobuf.framework",
				"${TARGET_BUILD_DIR}/${FRAMEWORKS_FOLDER_PATH}/GRPCClient.framework",
				"${TARGET_BUILD_DIR}/${FRAMEWORKS_FOLDER_PATH}/grpc.framework",
				"${TARGET_BUILD_DIR}/${FRAMEWORKS_FOLDER_PATH}/ProtoRPC.framework",
				"${TARGET_BUILD_DIR}/${FRAMEWORKS_FOLDER_PATH}/RxLibrary.framework",
				"${TARGET_BUILD_DIR}/${FRAMEWORKS_FOLDER_PATH}/leveldb.framework",
				"${TARGET_BUILD_DIR}/${FRAMEWORKS_FOLDER_PATH}/nanopb.framework",
			);
			runOnlyForDeploymentPostprocessing = 0;
			shellPath = /bin/sh;
			shellScript = "\"${SRCROOT}/Pods/Target Support Files/Pods-aRadar/Pods-aRadar-frameworks.sh\"\n";
			showEnvVarsInLog = 0;
		};
/* End PBXShellScriptBuildPhase section */

/* Begin PBXSourcesBuildPhase section */
		51EC6A3520C29F53008D0A08 /* Sources */ = {
			isa = PBXSourcesBuildPhase;
			buildActionMask = 2147483647;
			files = (
				510F797920C377F400CD7B61 /* ARViewController.swift in Sources */,
				51EC6A3F20C29F53008D0A08 /* ViewController.swift in Sources */,
				51EC6A3D20C29F53008D0A08 /* AppDelegate.swift in Sources */,
				517840BF20C3C4380039399A /* DetailViewController.swift in Sources */,
			);
			runOnlyForDeploymentPostprocessing = 0;
		};
/* End PBXSourcesBuildPhase section */

/* Begin PBXVariantGroup section */
		51EC6A4020C29F53008D0A08 /* Main.storyboard */ = {
			isa = PBXVariantGroup;
			children = (
				51EC6A4120C29F53008D0A08 /* Base */,
			);
			name = Main.storyboard;
			sourceTree = "<group>";
		};
		51EC6A4520C29F55008D0A08 /* LaunchScreen.storyboard */ = {
			isa = PBXVariantGroup;
			children = (
				51EC6A4620C29F55008D0A08 /* Base */,
			);
			name = LaunchScreen.storyboard;
			sourceTree = "<group>";
		};
/* End PBXVariantGroup section */

/* Begin XCBuildConfiguration section */
		51EC6A4920C29F55008D0A08 /* Debug */ = {
			isa = XCBuildConfiguration;
			buildSettings = {
				ALWAYS_SEARCH_USER_PATHS = NO;
				CLANG_ANALYZER_NONNULL = YES;
				CLANG_ANALYZER_NUMBER_OBJECT_CONVERSION = YES_AGGRESSIVE;
				CLANG_CXX_LANGUAGE_STANDARD = "gnu++14";
				CLANG_CXX_LIBRARY = "libc++";
				CLANG_ENABLE_MODULES = YES;
				CLANG_ENABLE_OBJC_ARC = YES;
				CLANG_ENABLE_OBJC_WEAK = YES;
				CLANG_WARN_BLOCK_CAPTURE_AUTORELEASING = YES;
				CLANG_WARN_BOOL_CONVERSION = YES;
				CLANG_WARN_COMMA = YES;
				CLANG_WARN_CONSTANT_CONVERSION = YES;
				CLANG_WARN_DEPRECATED_OBJC_IMPLEMENTATIONS = YES;
				CLANG_WARN_DIRECT_OBJC_ISA_USAGE = YES_ERROR;
				CLANG_WARN_DOCUMENTATION_COMMENTS = YES;
				CLANG_WARN_EMPTY_BODY = YES;
				CLANG_WARN_ENUM_CONVERSION = YES;
				CLANG_WARN_INFINITE_RECURSION = YES;
				CLANG_WARN_INT_CONVERSION = YES;
				CLANG_WARN_NON_LITERAL_NULL_CONVERSION = YES;
				CLANG_WARN_OBJC_IMPLICIT_RETAIN_SELF = YES;
				CLANG_WARN_OBJC_LITERAL_CONVERSION = YES;
				CLANG_WARN_OBJC_ROOT_CLASS = YES_ERROR;
				CLANG_WARN_RANGE_LOOP_ANALYSIS = YES;
				CLANG_WARN_STRICT_PROTOTYPES = YES;
				CLANG_WARN_SUSPICIOUS_MOVE = YES;
				CLANG_WARN_UNGUARDED_AVAILABILITY = YES_AGGRESSIVE;
				CLANG_WARN_UNREACHABLE_CODE = YES;
				CLANG_WARN__DUPLICATE_METHOD_MATCH = YES;
				CODE_SIGN_IDENTITY = "iPhone Developer";
				COPY_PHASE_STRIP = NO;
				DEBUG_INFORMATION_FORMAT = dwarf;
				ENABLE_STRICT_OBJC_MSGSEND = YES;
				ENABLE_TESTABILITY = YES;
				GCC_C_LANGUAGE_STANDARD = gnu11;
				GCC_DYNAMIC_NO_PIC = NO;
				GCC_NO_COMMON_BLOCKS = YES;
				GCC_OPTIMIZATION_LEVEL = 0;
				GCC_PREPROCESSOR_DEFINITIONS = (
					"DEBUG=1",
					"$(inherited)",
				);
				GCC_WARN_64_TO_32_BIT_CONVERSION = YES;
				GCC_WARN_ABOUT_RETURN_TYPE = YES_ERROR;
				GCC_WARN_UNDECLARED_SELECTOR = YES;
				GCC_WARN_UNINITIALIZED_AUTOS = YES_AGGRESSIVE;
				GCC_WARN_UNUSED_FUNCTION = YES;
				GCC_WARN_UNUSED_VARIABLE = YES;
				IPHONEOS_DEPLOYMENT_TARGET = 11.3;
				MTL_ENABLE_DEBUG_INFO = YES;
				ONLY_ACTIVE_ARCH = YES;
				SDKROOT = iphoneos;
				SWIFT_ACTIVE_COMPILATION_CONDITIONS = DEBUG;
				SWIFT_OPTIMIZATION_LEVEL = "-Onone";
			};
			name = Debug;
		};
		51EC6A4A20C29F55008D0A08 /* Release */ = {
			isa = XCBuildConfiguration;
			buildSettings = {
				ALWAYS_SEARCH_USER_PATHS = NO;
				CLANG_ANALYZER_NONNULL = YES;
				CLANG_ANALYZER_NUMBER_OBJECT_CONVERSION = YES_AGGRESSIVE;
				CLANG_CXX_LANGUAGE_STANDARD = "gnu++14";
				CLANG_CXX_LIBRARY = "libc++";
				CLANG_ENABLE_MODULES = YES;
				CLANG_ENABLE_OBJC_ARC = YES;
				CLANG_ENABLE_OBJC_WEAK = YES;
				CLANG_WARN_BLOCK_CAPTURE_AUTORELEASING = YES;
				CLANG_WARN_BOOL_CONVERSION = YES;
				CLANG_WARN_COMMA = YES;
				CLANG_WARN_CONSTANT_CONVERSION = YES;
				CLANG_WARN_DEPRECATED_OBJC_IMPLEMENTATIONS = YES;
				CLANG_WARN_DIRECT_OBJC_ISA_USAGE = YES_ERROR;
				CLANG_WARN_DOCUMENTATION_COMMENTS = YES;
				CLANG_WARN_EMPTY_BODY = YES;
				CLANG_WARN_ENUM_CONVERSION = YES;
				CLANG_WARN_INFINITE_RECURSION = YES;
				CLANG_WARN_INT_CONVERSION = YES;
				CLANG_WARN_NON_LITERAL_NULL_CONVERSION = YES;
				CLANG_WARN_OBJC_IMPLICIT_RETAIN_SELF = YES;
				CLANG_WARN_OBJC_LITERAL_CONVERSION = YES;
				CLANG_WARN_OBJC_ROOT_CLASS = YES_ERROR;
				CLANG_WARN_RANGE_LOOP_ANALYSIS = YES;
				CLANG_WARN_STRICT_PROTOTYPES = YES;
				CLANG_WARN_SUSPICIOUS_MOVE = YES;
				CLANG_WARN_UNGUARDED_AVAILABILITY = YES_AGGRESSIVE;
				CLANG_WARN_UNREACHABLE_CODE = YES;
				CLANG_WARN__DUPLICATE_METHOD_MATCH = YES;
				CODE_SIGN_IDENTITY = "iPhone Developer";
				COPY_PHASE_STRIP = NO;
				DEBUG_INFORMATION_FORMAT = "dwarf-with-dsym";
				ENABLE_NS_ASSERTIONS = NO;
				ENABLE_STRICT_OBJC_MSGSEND = YES;
				GCC_C_LANGUAGE_STANDARD = gnu11;
				GCC_NO_COMMON_BLOCKS = YES;
				GCC_WARN_64_TO_32_BIT_CONVERSION = YES;
				GCC_WARN_ABOUT_RETURN_TYPE = YES_ERROR;
				GCC_WARN_UNDECLARED_SELECTOR = YES;
				GCC_WARN_UNINITIALIZED_AUTOS = YES_AGGRESSIVE;
				GCC_WARN_UNUSED_FUNCTION = YES;
				GCC_WARN_UNUSED_VARIABLE = YES;
				IPHONEOS_DEPLOYMENT_TARGET = 11.3;
				MTL_ENABLE_DEBUG_INFO = NO;
				SDKROOT = iphoneos;
				SWIFT_COMPILATION_MODE = wholemodule;
				SWIFT_OPTIMIZATION_LEVEL = "-O";
				VALIDATE_PRODUCT = YES;
			};
			name = Release;
		};
		51EC6A4C20C29F55008D0A08 /* Debug */ = {
			isa = XCBuildConfiguration;
			baseConfigurationReference = 63FC47EC0E21D38D4C4A7368 /* Pods-aRadar.debug.xcconfig */;
			buildSettings = {
				ASSETCATALOG_COMPILER_APPICON_NAME = AppIcon;
				CODE_SIGN_STYLE = Automatic;
				DEVELOPMENT_TEAM = C9N9H5MMY3;
				INFOPLIST_FILE = aRadar/Info.plist;
				LD_RUNPATH_SEARCH_PATHS = (
					"$(inherited)",
					"@executable_path/Frameworks",
				);
				PRODUCT_BUNDLE_IDENTIFIER = hortune.aRadar;
				PRODUCT_NAME = "$(TARGET_NAME)";
				SWIFT_VERSION = 4.0;
				TARGETED_DEVICE_FAMILY = "1,2";
			};
			name = Debug;
		};
		51EC6A4D20C29F55008D0A08 /* Release */ = {
			isa = XCBuildConfiguration;
			baseConfigurationReference = 8D04A80BBFDFB8F35D8C2B20 /* Pods-aRadar.release.xcconfig */;
			buildSettings = {
				ASSETCATALOG_COMPILER_APPICON_NAME = AppIcon;
				CODE_SIGN_STYLE = Automatic;
				DEVELOPMENT_TEAM = C9N9H5MMY3;
				INFOPLIST_FILE = aRadar/Info.plist;
				LD_RUNPATH_SEARCH_PATHS = (
					"$(inherited)",
					"@executable_path/Frameworks",
				);
				PRODUCT_BUNDLE_IDENTIFIER = hortune.aRadar;
				PRODUCT_NAME = "$(TARGET_NAME)";
				SWIFT_VERSION = 4.0;
				TARGETED_DEVICE_FAMILY = "1,2";
			};
			name = Release;
		};
/* End XCBuildConfiguration section */

/* Begin XCConfigurationList section */
		51EC6A3420C29F53008D0A08 /* Build configuration list for PBXProject "aRadar" */ = {
			isa = XCConfigurationList;
			buildConfigurations = (
				51EC6A4920C29F55008D0A08 /* Debug */,
				51EC6A4A20C29F55008D0A08 /* Release */,
			);
			defaultConfigurationIsVisible = 0;
			defaultConfigurationName = Release;
		};
		51EC6A4B20C29F55008D0A08 /* Build configuration list for PBXNativeTarget "aRadar" */ = {
			isa = XCConfigurationList;
			buildConfigurations = (
				51EC6A4C20C29F55008D0A08 /* Debug */,
				51EC6A4D20C29F55008D0A08 /* Release */,
			);
			defaultConfigurationIsVisible = 0;
			defaultConfigurationName = Release;
		};
/* End XCConfigurationList section */
	};
	rootObject = 51EC6A3120C29F53008D0A08 /* Project object */;
}
